
Microsoft Visual Studio Solution File, Format Version 12.00
# Visual Studio 15
VisualStudioVersion = 15.0.27004.2002
MinimumVisualStudioVersion = 10.0.40219.1
Project("{9092AA53-FB77-4645-B42D-1CCCA6BD08BD}") = "NodejsWebApp1", "NodejsWebApp1\NodejsWebApp1.njsproj", "{C91E8A71-A0C4-4E40-ABB2-A471BCA2B0A0}"
EndProject
Global
	GlobalSection(SolutionConfigurationPlatforms) = preSolution
		Debug|Any CPU = Debug|Any CPU
		Release|Any CPU = Release|Any CPU
	EndGlobalSection
	GlobalSection(ProjectConfigurationPlatforms) = postSolution
		{C91E8A71-A0C4-4E40-ABB2-A471BCA2B0A0}.Debug|Any CPU.ActiveCfg = Debug|Any CPU
		{C91E8A71-A0C4-4E40-ABB2-A471BCA2B0A0}.Debug|Any CPU.Build.0 = Debug|Any CPU
		{C91E8A71-A0C4-4E40-ABB2-A471BCA2B0A0}.Release|Any CPU.ActiveCfg = Release|Any CPU
		{C91E8A71-A0C4-4E40-ABB2-A471BCA2B0A0}.Release|Any CPU.Build.0 = Release|Any CPU
	EndGlobalSection
	GlobalSection(SolutionProperties) = preSolution
		HideSolutionNode = FALSE
	EndGlobalSection
	GlobalSection(ExtensibilityGlobals) = postSolution
		SolutionGuid = {2CD8547E-E591-4E87-917B-3A659906E745}
	EndGlobalSection
EndGlobal
